
Microsoft Visual Studio Solution File, Format Version 12.00
# Visual Studio Version 17
VisualStudioVersion = 17.11.35208.52
MinimumVisualStudioVersion = 10.0.40219.1
Project("{FAE04EC0-301F-11D3-BF4B-00C04F79EFBC}") = "WebApplication1", "WebApplication1\WebApplication1.csproj", "{EBCD6092-A2DC-406F-B10F-0DEAB67EECA9}"
EndProject
Global
	GlobalSection(SolutionConfigurationPlatforms) = preSolution
		Debug|Any CPU = Debug|Any CPU
		Release|Any CPU = Release|Any CPU
	EndGlobalSection
	GlobalSection(ProjectConfigurationPlatforms) = postSolution
		{EBCD6092-A2DC-406F-B10F-0DEAB67EECA9}.Debug|Any CPU.ActiveCfg = Debug|Any CPU
		{EBCD6092-A2DC-406F-B10F-0DEAB67EECA9}.Debug|Any CPU.Build.0 = Debug|Any CPU
		{EBCD6092-A2DC-406F-B10F-0DEAB67EECA9}.Release|Any CPU.ActiveCfg = Release|Any CPU
		{EBCD6092-A2DC-406F-B10F-0DEAB67EECA9}.Release|Any CPU.Build.0 = Release|Any CPU
	EndGlobalSection
	GlobalSection(SolutionProperties) = preSolution
		HideSolutionNode = FALSE
	EndGlobalSection
	GlobalSection(ExtensibilityGlobals) = postSolution
		SolutionGuid = {14A6057E-A7C5-4FAC-9889-1E59B2F83BD0}
	EndGlobalSection
EndGlobal
